// !$*UTF8*$!
{
	archiveVersion = 1;
	classes = {
	};
	objectVersion = 46;
	objects = {

/* Begin PBXBuildFile section */
		755AE74A006A11B6E4C2985F /* libPods-debugdrawerTests.a in Frameworks */ = {isa = PBXBuildFile; fileRef = D8773641C1EAB6B8C576455A /* libPods-debugdrawerTests.a */; };
		7E26CB1208067BF78297DBF6 /* libPods-debugdrawer.a in Frameworks */ = {isa = PBXBuildFile; fileRef = 4A497ABC7E5B8C33E4743544 /* libPods-debugdrawer.a */; };
		BC084C321A1F9DE400E68797 /* DebugView.swift in Sources */ = {isa = PBXBuildFile; fileRef = BC084C311A1F9DE400E68797 /* DebugView.swift */; };
		BC084C341A1F9FA800E68797 /* SampleViewController.swift in Sources */ = {isa = PBXBuildFile; fileRef = BC084C331A1F9FA800E68797 /* SampleViewController.swift */; };
		BC084C361A1FCE7600E68797 /* Pesticide.swift in Sources */ = {isa = PBXBuildFile; fileRef = BC084C351A1FCE7600E68797 /* Pesticide.swift */; };
		BC758B371A209B4E00BD0283 /* HeaderCell.swift in Sources */ = {isa = PBXBuildFile; fileRef = BC758B351A209B4E00BD0283 /* HeaderCell.swift */; };
		BC758B381A209B4E00BD0283 /* HeaderCell.xib in Resources */ = {isa = PBXBuildFile; fileRef = BC758B361A209B4E00BD0283 /* HeaderCell.xib */; };
		BCC48DE51A2023E300C2AB4F /* SwitchCell.swift in Sources */ = {isa = PBXBuildFile; fileRef = BCC48DE41A2023E300C2AB4F /* SwitchCell.swift */; };
		BCC48DE71A20254000C2AB4F /* PesticideCell.swift in Sources */ = {isa = PBXBuildFile; fileRef = BCC48DE61A20254000C2AB4F /* PesticideCell.swift */; };
		BCC48DE91A20287800C2AB4F /* SwitchCell.xib in Resources */ = {isa = PBXBuildFile; fileRef = BCC48DE81A20287800C2AB4F /* SwitchCell.xib */; };
		BCC48DEC1A202D9200C2AB4F /* ButtonCell.swift in Sources */ = {isa = PBXBuildFile; fileRef = BCC48DEA1A202D9200C2AB4F /* ButtonCell.swift */; };
		BCC48DED1A202D9200C2AB4F /* ButtonCell.xib in Resources */ = {isa = PBXBuildFile; fileRef = BCC48DEB1A202D9200C2AB4F /* ButtonCell.xib */; };
		BCC48DF01A202E2100C2AB4F /* TextFieldCell.swift in Sources */ = {isa = PBXBuildFile; fileRef = BCC48DEE1A202E2100C2AB4F /* TextFieldCell.swift */; };
		BCC48DF11A202E2100C2AB4F /* TextFieldCell.xib in Resources */ = {isa = PBXBuildFile; fileRef = BCC48DEF1A202E2100C2AB4F /* TextFieldCell.xib */; };
		BCC48DF41A202EB000C2AB4F /* SliderCell.swift in Sources */ = {isa = PBXBuildFile; fileRef = BCC48DF21A202EB000C2AB4F /* SliderCell.swift */; };
		BCC48DF51A202EB000C2AB4F /* SliderCell.xib in Resources */ = {isa = PBXBuildFile; fileRef = BCC48DF31A202EB000C2AB4F /* SliderCell.xib */; };
		BCC48DF81A20301F00C2AB4F /* LabelCell.swift in Sources */ = {isa = PBXBuildFile; fileRef = BCC48DF61A20301F00C2AB4F /* LabelCell.swift */; };
		BCC48DF91A20301F00C2AB4F /* LabelCell.xib in Resources */ = {isa = PBXBuildFile; fileRef = BCC48DF71A20301F00C2AB4F /* LabelCell.xib */; };
		BD361B711A1F8C6D006AE819 /* AppDelegate.swift in Sources */ = {isa = PBXBuildFile; fileRef = BD361B701A1F8C6D006AE819 /* AppDelegate.swift */; };
		BD361B761A1F8C6D006AE819 /* Main.storyboard in Resources */ = {isa = PBXBuildFile; fileRef = BD361B741A1F8C6D006AE819 /* Main.storyboard */; };
		BD361B781A1F8C6D006AE819 /* Images.xcassets in Resources */ = {isa = PBXBuildFile; fileRef = BD361B771A1F8C6D006AE819 /* Images.xcassets */; };
		BD361B7B1A1F8C6D006AE819 /* LaunchScreen.xib in Resources */ = {isa = PBXBuildFile; fileRef = BD361B791A1F8C6D006AE819 /* LaunchScreen.xib */; };
		BD361B871A1F8C6D006AE819 /* debugdrawerTests.swift in Sources */ = {isa = PBXBuildFile; fileRef = BD361B861A1F8C6D006AE819 /* debugdrawerTests.swift */; };
		BD3EBDA61A20AA3000FFF184 /* UIColor+Pesticide.swift in Sources */ = {isa = PBXBuildFile; fileRef = BD3EBDA51A20AA3000FFF184 /* UIColor+Pesticide.swift */; };
		BD649D641A201D660030ECAF /* Preferences.swift in Sources */ = {isa = PBXBuildFile; fileRef = BD649D631A201D660030ECAF /* Preferences.swift */; };
		BD649D671A2025F00030ECAF /* Proxy.swift in Sources */ = {isa = PBXBuildFile; fileRef = BD649D661A2025F00030ECAF /* Proxy.swift */; };
		BD649D691A2028210030ECAF /* BuildUtils.swift in Sources */ = {isa = PBXBuildFile; fileRef = BD649D681A2028210030ECAF /* BuildUtils.swift */; };
		BD649D6D1A202FA50030ECAF /* DeviceUtils.swift in Sources */ = {isa = PBXBuildFile; fileRef = BD649D6C1A202FA50030ECAF /* DeviceUtils.swift */; };
		BD649DA11A205D4D0030ECAF /* ViewInspector.swift in Sources */ = {isa = PBXBuildFile; fileRef = BD649DA01A205D4D0030ECAF /* ViewInspector.swift */; };
		BD649DA41A205D7D0030ECAF /* UIView+Pesticide.swift in Sources */ = {isa = PBXBuildFile; fileRef = BD649DA31A205D7D0030ECAF /* UIView+Pesticide.swift */; };
		BDE8137E1A20855E00D02B8D /* CrosshairOverlay.swift in Sources */ = {isa = PBXBuildFile; fileRef = BDE8137D1A20855E00D02B8D /* CrosshairOverlay.swift */; };
		BDE813821A20926600D02B8D /* Alamofire.framework in Frameworks */ = {isa = PBXBuildFile; fileRef = BC758B271A20684C00BD0283 /* Alamofire.framework */; };
		BDE813831A20928500D02B8D /* Alamofire.framework in Frameworks */ = {isa = PBXBuildFile; fileRef = BC758B271A20684C00BD0283 /* Alamofire.framework */; };
		BDE813841A20928500D02B8D /* Alamofire.framework in Embed Frameworks */ = {isa = PBXBuildFile; fileRef = BC758B271A20684C00BD0283 /* Alamofire.framework */; settings = {ATTRIBUTES = (CodeSignOnCopy, RemoveHeadersOnCopy, ); }; };
		BDE813891A20990E00D02B8D /* TouchTrackerView.swift in Sources */ = {isa = PBXBuildFile; fileRef = BDE813881A20990E00D02B8D /* TouchTrackerView.swift */; };
		D624A2E81A1FB3AB00B71EF5 /* DebugTableController.swift in Sources */ = {isa = PBXBuildFile; fileRef = D624A2E71A1FB3AB00B71EF5 /* DebugTableController.swift */; };
		D624A2EB1A1FB3B600B71EF5 /* CommandCell.swift in Sources */ = {isa = PBXBuildFile; fileRef = D624A2E91A1FB3B600B71EF5 /* CommandCell.swift */; };
		D624A2EC1A1FB3B600B71EF5 /* CommandCell.xib in Resources */ = {isa = PBXBuildFile; fileRef = D624A2EA1A1FB3B600B71EF5 /* CommandCell.xib */; };
		D624A2EE1A1FC9EE00B71EF5 /* CocoaLumberjack.swift in Sources */ = {isa = PBXBuildFile; fileRef = D624A2ED1A1FC9EE00B71EF5 /* CocoaLumberjack.swift */; };
		D624A2F81A1FF2CA00B71EF5 /* PesticideLogger.swift in Sources */ = {isa = PBXBuildFile; fileRef = D624A2F71A1FF2CA00B71EF5 /* PesticideLogger.swift */; };
		D624A2FA1A200C8B00B71EF5 /* RowControl.swift in Sources */ = {isa = PBXBuildFile; fileRef = D624A2F91A200C8B00B71EF5 /* RowControl.swift */; };
/* End PBXBuildFile section */

/* Begin PBXContainerItemProxy section */
		BC758B261A20684C00BD0283 /* PBXContainerItemProxy */ = {
			isa = PBXContainerItemProxy;
			containerPortal = BC758B211A20684C00BD0283 /* Alamofire.xcodeproj */;
			proxyType = 2;
			remoteGlobalIDString = F8111E3319A95C8B0040E7D1;
			remoteInfo = Alamofire;
		};
		BC758B281A20684C00BD0283 /* PBXContainerItemProxy */ = {
			isa = PBXContainerItemProxy;
			containerPortal = BC758B211A20684C00BD0283 /* Alamofire.xcodeproj */;
			proxyType = 2;
			remoteGlobalIDString = F8111E3E19A95C8B0040E7D1;
			remoteInfo = AlamofireTests;
		};
		BC758B2A1A20688800BD0283 /* PBXContainerItemProxy */ = {
			isa = PBXContainerItemProxy;
			containerPortal = BC758B211A20684C00BD0283 /* Alamofire.xcodeproj */;
			proxyType = 1;
			remoteGlobalIDString = F8111E3219A95C8B0040E7D1;
			remoteInfo = Alamofire;
		};
		BD361B811A1F8C6D006AE819 /* PBXContainerItemProxy */ = {
			isa = PBXContainerItemProxy;
			containerPortal = BD361B631A1F8C6D006AE819 /* Project object */;
			proxyType = 1;
			remoteGlobalIDString = BD361B6A1A1F8C6D006AE819;
			remoteInfo = debugdrawer;
		};
		BDE813851A20928500D02B8D /* PBXContainerItemProxy */ = {
			isa = PBXContainerItemProxy;
			containerPortal = BC758B211A20684C00BD0283 /* Alamofire.xcodeproj */;
			proxyType = 1;
			remoteGlobalIDString = F8111E3219A95C8B0040E7D1;
			remoteInfo = Alamofire;
		};
/* End PBXContainerItemProxy section */

/* Begin PBXCopyFilesBuildPhase section */
		BDE813871A20928500D02B8D /* Embed Frameworks */ = {
			isa = PBXCopyFilesBuildPhase;
			buildActionMask = 2147483647;
			dstPath = "";
			dstSubfolderSpec = 10;
			files = (
				BDE813841A20928500D02B8D /* Alamofire.framework in Embed Frameworks */,
			);
			name = "Embed Frameworks";
			runOnlyForDeploymentPostprocessing = 0;
		};
/* End PBXCopyFilesBuildPhase section */

/* Begin PBXFileReference section */
		4A497ABC7E5B8C33E4743544 /* libPods-debugdrawer.a */ = {isa = PBXFileReference; explicitFileType = archive.ar; includeInIndex = 0; path = "libPods-debugdrawer.a"; sourceTree = BUILT_PRODUCTS_DIR; };
		738FEBE8D704B120B7DE7616 /* Pods-debugdrawerTests.debug.xcconfig */ = {isa = PBXFileReference; includeInIndex = 1; lastKnownFileType = text.xcconfig; name = "Pods-debugdrawerTests.debug.xcconfig"; path = "Pods/Target Support Files/Pods-debugdrawerTests/Pods-debugdrawerTests.debug.xcconfig"; sourceTree = "<group>"; };
		8EE3F03714FA91F2E8A164CC /* Pods-debugdrawer.debug.xcconfig */ = {isa = PBXFileReference; includeInIndex = 1; lastKnownFileType = text.xcconfig; name = "Pods-debugdrawer.debug.xcconfig"; path = "Pods/Target Support Files/Pods-debugdrawer/Pods-debugdrawer.debug.xcconfig"; sourceTree = "<group>"; };
		A8497FBABC9059FB399DB179 /* Pods-debugdrawerTests.release.xcconfig */ = {isa = PBXFileReference; includeInIndex = 1; lastKnownFileType = text.xcconfig; name = "Pods-debugdrawerTests.release.xcconfig"; path = "Pods/Target Support Files/Pods-debugdrawerTests/Pods-debugdrawerTests.release.xcconfig"; sourceTree = "<group>"; };
		BC084C311A1F9DE400E68797 /* DebugView.swift */ = {isa = PBXFileReference; fileEncoding = 4; lastKnownFileType = sourcecode.swift; path = DebugView.swift; sourceTree = "<group>"; };
		BC084C331A1F9FA800E68797 /* SampleViewController.swift */ = {isa = PBXFileReference; fileEncoding = 4; lastKnownFileType = sourcecode.swift; path = SampleViewController.swift; sourceTree = "<group>"; };
		BC084C351A1FCE7600E68797 /* Pesticide.swift */ = {isa = PBXFileReference; fileEncoding = 4; lastKnownFileType = sourcecode.swift; path = Pesticide.swift; sourceTree = "<group>"; };
		BC758B211A20684C00BD0283 /* Alamofire.xcodeproj */ = {isa = PBXFileReference; lastKnownFileType = "wrapper.pb-project"; name = Alamofire.xcodeproj; path = Alamofire/Alamofire.xcodeproj; sourceTree = SOURCE_ROOT; };
		BC758B351A209B4E00BD0283 /* HeaderCell.swift */ = {isa = PBXFileReference; fileEncoding = 4; lastKnownFileType = sourcecode.swift; path = HeaderCell.swift; sourceTree = "<group>"; };
		BC758B361A209B4E00BD0283 /* HeaderCell.xib */ = {isa = PBXFileReference; fileEncoding = 4; lastKnownFileType = file.xib; path = HeaderCell.xib; sourceTree = "<group>"; };
		BCC48DE41A2023E300C2AB4F /* SwitchCell.swift */ = {isa = PBXFileReference; fileEncoding = 4; lastKnownFileType = sourcecode.swift; path = SwitchCell.swift; sourceTree = "<group>"; };
		BCC48DE61A20254000C2AB4F /* PesticideCell.swift */ = {isa = PBXFileReference; fileEncoding = 4; lastKnownFileType = sourcecode.swift; path = PesticideCell.swift; sourceTree = "<group>"; };
		BCC48DE81A20287800C2AB4F /* SwitchCell.xib */ = {isa = PBXFileReference; fileEncoding = 4; lastKnownFileType = file.xib; path = SwitchCell.xib; sourceTree = "<group>"; };
		BCC48DEA1A202D9200C2AB4F /* ButtonCell.swift */ = {isa = PBXFileReference; fileEncoding = 4; lastKnownFileType = sourcecode.swift; path = ButtonCell.swift; sourceTree = "<group>"; };
		BCC48DEB1A202D9200C2AB4F /* ButtonCell.xib */ = {isa = PBXFileReference; fileEncoding = 4; lastKnownFileType = file.xib; path = ButtonCell.xib; sourceTree = "<group>"; };
		BCC48DEE1A202E2100C2AB4F /* TextFieldCell.swift */ = {isa = PBXFileReference; fileEncoding = 4; lastKnownFileType = sourcecode.swift; path = TextFieldCell.swift; sourceTree = "<group>"; };
		BCC48DEF1A202E2100C2AB4F /* TextFieldCell.xib */ = {isa = PBXFileReference; fileEncoding = 4; lastKnownFileType = file.xib; path = TextFieldCell.xib; sourceTree = "<group>"; };
		BCC48DF21A202EB000C2AB4F /* SliderCell.swift */ = {isa = PBXFileReference; fileEncoding = 4; lastKnownFileType = sourcecode.swift; path = SliderCell.swift; sourceTree = "<group>"; };
		BCC48DF31A202EB000C2AB4F /* SliderCell.xib */ = {isa = PBXFileReference; fileEncoding = 4; lastKnownFileType = file.xib; path = SliderCell.xib; sourceTree = "<group>"; };
		BCC48DF61A20301F00C2AB4F /* LabelCell.swift */ = {isa = PBXFileReference; fileEncoding = 4; lastKnownFileType = sourcecode.swift; path = LabelCell.swift; sourceTree = "<group>"; };
		BCC48DF71A20301F00C2AB4F /* LabelCell.xib */ = {isa = PBXFileReference; fileEncoding = 4; lastKnownFileType = file.xib; path = LabelCell.xib; sourceTree = "<group>"; };
		BD361B6B1A1F8C6D006AE819 /* pesticide.app */ = {isa = PBXFileReference; explicitFileType = wrapper.application; includeInIndex = 0; path = pesticide.app; sourceTree = BUILT_PRODUCTS_DIR; };
		BD361B6F1A1F8C6D006AE819 /* Info.plist */ = {isa = PBXFileReference; lastKnownFileType = text.plist.xml; path = Info.plist; sourceTree = "<group>"; };
		BD361B701A1F8C6D006AE819 /* AppDelegate.swift */ = {isa = PBXFileReference; lastKnownFileType = sourcecode.swift; path = AppDelegate.swift; sourceTree = "<group>"; };
		BD361B751A1F8C6D006AE819 /* Base */ = {isa = PBXFileReference; lastKnownFileType = file.storyboard; name = Base; path = Base.lproj/Main.storyboard; sourceTree = "<group>"; };
		BD361B771A1F8C6D006AE819 /* Images.xcassets */ = {isa = PBXFileReference; lastKnownFileType = folder.assetcatalog; path = Images.xcassets; sourceTree = "<group>"; };
		BD361B7A1A1F8C6D006AE819 /* Base */ = {isa = PBXFileReference; lastKnownFileType = file.xib; name = Base; path = Base.lproj/LaunchScreen.xib; sourceTree = "<group>"; };
		BD361B801A1F8C6D006AE819 /* pesticideTests.xctest */ = {isa = PBXFileReference; explicitFileType = wrapper.cfbundle; includeInIndex = 0; path = pesticideTests.xctest; sourceTree = BUILT_PRODUCTS_DIR; };
		BD361B851A1F8C6D006AE819 /* Info.plist */ = {isa = PBXFileReference; lastKnownFileType = text.plist.xml; path = Info.plist; sourceTree = "<group>"; };
		BD361B861A1F8C6D006AE819 /* debugdrawerTests.swift */ = {isa = PBXFileReference; lastKnownFileType = sourcecode.swift; path = debugdrawerTests.swift; sourceTree = "<group>"; };
		BD361B911A1F923C006AE819 /* Debugdrawer-Bridging-Header.h */ = {isa = PBXFileReference; fileEncoding = 4; lastKnownFileType = sourcecode.c.h; path = "Debugdrawer-Bridging-Header.h"; sourceTree = "<group>"; };
		BD3EBDA51A20AA3000FFF184 /* UIColor+Pesticide.swift */ = {isa = PBXFileReference; fileEncoding = 4; lastKnownFileType = sourcecode.swift; path = "UIColor+Pesticide.swift"; sourceTree = "<group>"; };
		BD649D631A201D660030ECAF /* Preferences.swift */ = {isa = PBXFileReference; fileEncoding = 4; lastKnownFileType = sourcecode.swift; path = Preferences.swift; sourceTree = "<group>"; };
		BD649D661A2025F00030ECAF /* Proxy.swift */ = {isa = PBXFileReference; fileEncoding = 4; lastKnownFileType = sourcecode.swift; path = Proxy.swift; sourceTree = "<group>"; };
		BD649D681A2028210030ECAF /* BuildUtils.swift */ = {isa = PBXFileReference; fileEncoding = 4; lastKnownFileType = sourcecode.swift; path = BuildUtils.swift; sourceTree = "<group>"; };
		BD649D6C1A202FA50030ECAF /* DeviceUtils.swift */ = {isa = PBXFileReference; fileEncoding = 4; lastKnownFileType = sourcecode.swift; path = DeviceUtils.swift; sourceTree = "<group>"; };
		BD649DA01A205D4D0030ECAF /* ViewInspector.swift */ = {isa = PBXFileReference; fileEncoding = 4; lastKnownFileType = sourcecode.swift; path = ViewInspector.swift; sourceTree = "<group>"; };
		BD649DA31A205D7D0030ECAF /* UIView+Pesticide.swift */ = {isa = PBXFileReference; fileEncoding = 4; lastKnownFileType = sourcecode.swift; path = "UIView+Pesticide.swift"; sourceTree = "<group>"; };
		BDE8137D1A20855E00D02B8D /* CrosshairOverlay.swift */ = {isa = PBXFileReference; fileEncoding = 4; lastKnownFileType = sourcecode.swift; path = CrosshairOverlay.swift; sourceTree = "<group>"; };
		BDE813881A20990E00D02B8D /* TouchTrackerView.swift */ = {isa = PBXFileReference; fileEncoding = 4; lastKnownFileType = sourcecode.swift; path = TouchTrackerView.swift; sourceTree = "<group>"; };
		D624A2E71A1FB3AB00B71EF5 /* DebugTableController.swift */ = {isa = PBXFileReference; fileEncoding = 4; lastKnownFileType = sourcecode.swift; path = DebugTableController.swift; sourceTree = "<group>"; };
		D624A2E91A1FB3B600B71EF5 /* CommandCell.swift */ = {isa = PBXFileReference; fileEncoding = 4; lastKnownFileType = sourcecode.swift; path = CommandCell.swift; sourceTree = "<group>"; };
		D624A2EA1A1FB3B600B71EF5 /* CommandCell.xib */ = {isa = PBXFileReference; fileEncoding = 4; lastKnownFileType = file.xib; path = CommandCell.xib; sourceTree = "<group>"; };
		D624A2ED1A1FC9EE00B71EF5 /* CocoaLumberjack.swift */ = {isa = PBXFileReference; fileEncoding = 4; lastKnownFileType = sourcecode.swift; path = CocoaLumberjack.swift; sourceTree = "<group>"; };
		D624A2F71A1FF2CA00B71EF5 /* PesticideLogger.swift */ = {isa = PBXFileReference; fileEncoding = 4; lastKnownFileType = sourcecode.swift; path = PesticideLogger.swift; sourceTree = "<group>"; };
		D624A2F91A200C8B00B71EF5 /* RowControl.swift */ = {isa = PBXFileReference; fileEncoding = 4; lastKnownFileType = sourcecode.swift; path = RowControl.swift; sourceTree = "<group>"; };
		D8773641C1EAB6B8C576455A /* libPods-debugdrawerTests.a */ = {isa = PBXFileReference; explicitFileType = archive.ar; includeInIndex = 0; path = "libPods-debugdrawerTests.a"; sourceTree = BUILT_PRODUCTS_DIR; };
		E23FBB86D95DA65C266D290E /* Pods-debugdrawer.release.xcconfig */ = {isa = PBXFileReference; includeInIndex = 1; lastKnownFileType = text.xcconfig; name = "Pods-debugdrawer.release.xcconfig"; path = "Pods/Target Support Files/Pods-debugdrawer/Pods-debugdrawer.release.xcconfig"; sourceTree = "<group>"; };
/* End PBXFileReference section */

/* Begin PBXFrameworksBuildPhase section */
		BD361B681A1F8C6D006AE819 /* Frameworks */ = {
			isa = PBXFrameworksBuildPhase;
			buildActionMask = 2147483647;
			files = (
				BDE813821A20926600D02B8D /* Alamofire.framework in Frameworks */,
				BDE813831A20928500D02B8D /* Alamofire.framework in Frameworks */,
				7E26CB1208067BF78297DBF6 /* libPods-debugdrawer.a in Frameworks */,
			);
			runOnlyForDeploymentPostprocessing = 0;
		};
		BD361B7D1A1F8C6D006AE819 /* Frameworks */ = {
			isa = PBXFrameworksBuildPhase;
			buildActionMask = 2147483647;
			files = (
				755AE74A006A11B6E4C2985F /* libPods-debugdrawerTests.a in Frameworks */,
			);
			runOnlyForDeploymentPostprocessing = 0;
		};
/* End PBXFrameworksBuildPhase section */

/* Begin PBXGroup section */
		0BA5747C8C1622A5EB115A7C /* Pods */ = {
			isa = PBXGroup;
			children = (
				8EE3F03714FA91F2E8A164CC /* Pods-debugdrawer.debug.xcconfig */,
				E23FBB86D95DA65C266D290E /* Pods-debugdrawer.release.xcconfig */,
				738FEBE8D704B120B7DE7616 /* Pods-debugdrawerTests.debug.xcconfig */,
				A8497FBABC9059FB399DB179 /* Pods-debugdrawerTests.release.xcconfig */,
			);
			name = Pods;
			sourceTree = "<group>";
		};
		62CD7D1B538C88106D05A59F /* Frameworks */ = {
			isa = PBXGroup;
			children = (
				4A497ABC7E5B8C33E4743544 /* libPods-debugdrawer.a */,
				D8773641C1EAB6B8C576455A /* libPods-debugdrawerTests.a */,
			);
			name = Frameworks;
			sourceTree = "<group>";
		};
		BC084C301A1F9DB100E68797 /* Views */ = {
			isa = PBXGroup;
			children = (
				D624A2E91A1FB3B600B71EF5 /* CommandCell.swift */,
				D624A2EA1A1FB3B600B71EF5 /* CommandCell.xib */,
				BC084C311A1F9DE400E68797 /* DebugView.swift */,
				BCC48DE61A20254000C2AB4F /* PesticideCell.swift */,
				BCC48DE41A2023E300C2AB4F /* SwitchCell.swift */,
				BCC48DE81A20287800C2AB4F /* SwitchCell.xib */,
				BCC48DEA1A202D9200C2AB4F /* ButtonCell.swift */,
				BCC48DEB1A202D9200C2AB4F /* ButtonCell.xib */,
				BCC48DEE1A202E2100C2AB4F /* TextFieldCell.swift */,
				BCC48DEF1A202E2100C2AB4F /* TextFieldCell.xib */,
				BCC48DF21A202EB000C2AB4F /* SliderCell.swift */,
				BCC48DF31A202EB000C2AB4F /* SliderCell.xib */,
				BCC48DF61A20301F00C2AB4F /* LabelCell.swift */,
				BCC48DF71A20301F00C2AB4F /* LabelCell.xib */,
				BC758B351A209B4E00BD0283 /* HeaderCell.swift */,
				BC758B361A209B4E00BD0283 /* HeaderCell.xib */,
				BDE8137D1A20855E00D02B8D /* CrosshairOverlay.swift */,
				BDE813881A20990E00D02B8D /* TouchTrackerView.swift */,
			);
			name = Views;
			sourceTree = "<group>";
		};
		BC758B201A20683F00BD0283 /* Vendor */ = {
			isa = PBXGroup;
			children = (
				BC758B211A20684C00BD0283 /* Alamofire.xcodeproj */,
			);
			name = Vendor;
			sourceTree = "<group>";
		};
		BC758B221A20684C00BD0283 /* Products */ = {
			isa = PBXGroup;
			children = (
				BC758B271A20684C00BD0283 /* Alamofire.framework */,
				BC758B291A20684C00BD0283 /* AlamofireTests.xctest */,
			);
			name = Products;
			sourceTree = "<group>";
		};
		BD361B621A1F8C6D006AE819 = {
			isa = PBXGroup;
			children = (
				BD361B6D1A1F8C6D006AE819 /* pesticide */,
				BD361B831A1F8C6D006AE819 /* pesticideTests */,
				BD361B6C1A1F8C6D006AE819 /* Products */,
				0BA5747C8C1622A5EB115A7C /* Pods */,
				62CD7D1B538C88106D05A59F /* Frameworks */,
			);
			sourceTree = "<group>";
		};
		BD361B6C1A1F8C6D006AE819 /* Products */ = {
			isa = PBXGroup;
			children = (
				BD361B6B1A1F8C6D006AE819 /* pesticide.app */,
				BD361B801A1F8C6D006AE819 /* pesticideTests.xctest */,
			);
			name = Products;
			sourceTree = "<group>";
		};
		BD361B6D1A1F8C6D006AE819 /* pesticide */ = {
			isa = PBXGroup;
			children = (
				BC758B201A20683F00BD0283 /* Vendor */,
				BD649DA21A205D610030ECAF /* Extensions */,
				BD649D621A201D5B0030ECAF /* Utils */,
				D624A2ED1A1FC9EE00B71EF5 /* CocoaLumberjack.swift */,
				D624A2E71A1FB3AB00B71EF5 /* DebugTableController.swift */,
				BC084C301A1F9DB100E68797 /* Views */,
				BD361B701A1F8C6D006AE819 /* AppDelegate.swift */,
				BD361B741A1F8C6D006AE819 /* Main.storyboard */,
				BD361B771A1F8C6D006AE819 /* Images.xcassets */,
				BD361B791A1F8C6D006AE819 /* LaunchScreen.xib */,
				BD361B6E1A1F8C6D006AE819 /* Supporting Files */,
				BC084C331A1F9FA800E68797 /* SampleViewController.swift */,
				D624A2F71A1FF2CA00B71EF5 /* PesticideLogger.swift */,
				BC084C351A1FCE7600E68797 /* Pesticide.swift */,
				D624A2F91A200C8B00B71EF5 /* RowControl.swift */,
			);
			name = pesticide;
			path = debugdrawer;
			sourceTree = "<group>";
		};
		BD361B6E1A1F8C6D006AE819 /* Supporting Files */ = {
			isa = PBXGroup;
			children = (
				BD361B6F1A1F8C6D006AE819 /* Info.plist */,
				BD361B911A1F923C006AE819 /* Debugdrawer-Bridging-Header.h */,
			);
			name = "Supporting Files";
			sourceTree = "<group>";
		};
		BD361B831A1F8C6D006AE819 /* pesticideTests */ = {
			isa = PBXGroup;
			children = (
				BD361B861A1F8C6D006AE819 /* debugdrawerTests.swift */,
				BD361B841A1F8C6D006AE819 /* Supporting Files */,
			);
			name = pesticideTests;
			path = debugdrawerTests;
			sourceTree = "<group>";
		};
		BD361B841A1F8C6D006AE819 /* Supporting Files */ = {
			isa = PBXGroup;
			children = (
				BD361B851A1F8C6D006AE819 /* Info.plist */,
			);
			name = "Supporting Files";
			sourceTree = "<group>";
		};
		BD649D621A201D5B0030ECAF /* Utils */ = {
			isa = PBXGroup;
			children = (
				BD649D631A201D660030ECAF /* Preferences.swift */,
				BD649D661A2025F00030ECAF /* Proxy.swift */,
				BD649D681A2028210030ECAF /* BuildUtils.swift */,
				BD649D6C1A202FA50030ECAF /* DeviceUtils.swift */,
				BD649DA01A205D4D0030ECAF /* ViewInspector.swift */,
			);
			name = Utils;
			sourceTree = "<group>";
		};
		BD649DA21A205D610030ECAF /* Extensions */ = {
			isa = PBXGroup;
			children = (
				BD649DA31A205D7D0030ECAF /* UIView+Pesticide.swift */,
				BD3EBDA51A20AA3000FFF184 /* UIColor+Pesticide.swift */,
			);
			name = Extensions;
			sourceTree = "<group>";
		};
/* End PBXGroup section */

/* Begin PBXNativeTarget section */
		BD361B6A1A1F8C6D006AE819 /* pesticide */ = {
			isa = PBXNativeTarget;
			buildConfigurationList = BD361B8A1A1F8C6D006AE819 /* Build configuration list for PBXNativeTarget "pesticide" */;
			buildPhases = (
				A22E2654921DA1A53C99D089 /* Check Pods Manifest.lock */,
				BD361B671A1F8C6D006AE819 /* Sources */,
				BD361B681A1F8C6D006AE819 /* Frameworks */,
				BD361B691A1F8C6D006AE819 /* Resources */,
				9EE5983AA9A375FE4683692B /* Copy Pods Resources */,
				BD649D6A1A2028DB0030ECAF /* Copy git hash */,
				BD649D6B1A202D320030ECAF /* Get Date */,
				BDE813871A20928500D02B8D /* Embed Frameworks */,
			);
			buildRules = (
			);
			dependencies = (
				BC758B2B1A20688800BD0283 /* PBXTargetDependency */,
				BDE813861A20928500D02B8D /* PBXTargetDependency */,
			);
			name = pesticide;
			productName = debugdrawer;
			productReference = BD361B6B1A1F8C6D006AE819 /* pesticide.app */;
			productType = "com.apple.product-type.application";
		};
		BD361B7F1A1F8C6D006AE819 /* pesticideTests */ = {
			isa = PBXNativeTarget;
			buildConfigurationList = BD361B8D1A1F8C6D006AE819 /* Build configuration list for PBXNativeTarget "pesticideTests" */;
			buildPhases = (
				8135C24A30AAD6ED708EE777 /* Check Pods Manifest.lock */,
				BD361B7C1A1F8C6D006AE819 /* Sources */,
				BD361B7D1A1F8C6D006AE819 /* Frameworks */,
				BD361B7E1A1F8C6D006AE819 /* Resources */,
				FDA443B2A7DE87856A81DFCA /* Copy Pods Resources */,
			);
			buildRules = (
			);
			dependencies = (
				BD361B821A1F8C6D006AE819 /* PBXTargetDependency */,
			);
			name = pesticideTests;
			productName = debugdrawerTests;
			productReference = BD361B801A1F8C6D006AE819 /* pesticideTests.xctest */;
			productType = "com.apple.product-type.bundle.unit-test";
		};
/* End PBXNativeTarget section */

/* Begin PBXProject section */
		BD361B631A1F8C6D006AE819 /* Project object */ = {
			isa = PBXProject;
			attributes = {
				LastUpgradeCheck = 0610;
				ORGANIZATIONNAME = Rocketmade;
				TargetAttributes = {
					BD361B6A1A1F8C6D006AE819 = {
						CreatedOnToolsVersion = 6.1;
					};
					BD361B7F1A1F8C6D006AE819 = {
						CreatedOnToolsVersion = 6.1;
						TestTargetID = BD361B6A1A1F8C6D006AE819;
					};
				};
			};
			buildConfigurationList = BD361B661A1F8C6D006AE819 /* Build configuration list for PBXProject "pesticide" */;
			compatibilityVersion = "Xcode 3.2";
			developmentRegion = English;
			hasScannedForEncodings = 0;
			knownRegions = (
				en,
				Base,
			);
			mainGroup = BD361B621A1F8C6D006AE819;
			productRefGroup = BD361B6C1A1F8C6D006AE819 /* Products */;
			projectDirPath = "";
			projectReferences = (
				{
					ProductGroup = BC758B221A20684C00BD0283 /* Products */;
					ProjectRef = BC758B211A20684C00BD0283 /* Alamofire.xcodeproj */;
				},
			);
			projectRoot = "";
			targets = (
				BD361B6A1A1F8C6D006AE819 /* pesticide */,
				BD361B7F1A1F8C6D006AE819 /* pesticideTests */,
			);
		};
/* End PBXProject section */

/* Begin PBXReferenceProxy section */
		BC758B271A20684C00BD0283 /* Alamofire.framework */ = {
			isa = PBXReferenceProxy;
			fileType = wrapper.framework;
			path = Alamofire.framework;
			remoteRef = BC758B261A20684C00BD0283 /* PBXContainerItemProxy */;
			sourceTree = BUILT_PRODUCTS_DIR;
		};
		BC758B291A20684C00BD0283 /* AlamofireTests.xctest */ = {
			isa = PBXReferenceProxy;
			fileType = wrapper.cfbundle;
			path = AlamofireTests.xctest;
			remoteRef = BC758B281A20684C00BD0283 /* PBXContainerItemProxy */;
			sourceTree = BUILT_PRODUCTS_DIR;
		};
/* End PBXReferenceProxy section */

/* Begin PBXResourcesBuildPhase section */
		BD361B691A1F8C6D006AE819 /* Resources */ = {
			isa = PBXResourcesBuildPhase;
			buildActionMask = 2147483647;
			files = (
				BC758B381A209B4E00BD0283 /* HeaderCell.xib in Resources */,
				BD361B761A1F8C6D006AE819 /* Main.storyboard in Resources */,
				BCC48DED1A202D9200C2AB4F /* ButtonCell.xib in Resources */,
				BD361B7B1A1F8C6D006AE819 /* LaunchScreen.xib in Resources */,
				BD361B781A1F8C6D006AE819 /* Images.xcassets in Resources */,
				BCC48DF11A202E2100C2AB4F /* TextFieldCell.xib in Resources */,
				D624A2EC1A1FB3B600B71EF5 /* CommandCell.xib in Resources */,
				BCC48DF91A20301F00C2AB4F /* LabelCell.xib in Resources */,
				BCC48DF51A202EB000C2AB4F /* SliderCell.xib in Resources */,
				BCC48DE91A20287800C2AB4F /* SwitchCell.xib in Resources */,
			);
			runOnlyForDeploymentPostprocessing = 0;
		};
		BD361B7E1A1F8C6D006AE819 /* Resources */ = {
			isa = PBXResourcesBuildPhase;
			buildActionMask = 2147483647;
			files = (
			);
			runOnlyForDeploymentPostprocessing = 0;
		};
/* End PBXResourcesBuildPhase section */

/* Begin PBXShellScriptBuildPhase section */
		8135C24A30AAD6ED708EE777 /* Check Pods Manifest.lock */ = {
			isa = PBXShellScriptBuildPhase;
			buildActionMask = 2147483647;
			files = (
			);
			inputPaths = (
			);
			name = "Check Pods Manifest.lock";
			outputPaths = (
			);
			runOnlyForDeploymentPostprocessing = 0;
			shellPath = /bin/sh;
			shellScript = "diff \"${PODS_ROOT}/../Podfile.lock\" \"${PODS_ROOT}/Manifest.lock\" > /dev/null\nif [[ $? != 0 ]] ; then\n    cat << EOM\nerror: The sandbox is not in sync with the Podfile.lock. Run 'pod install' or update your CocoaPods installation.\nEOM\n    exit 1\nfi\n";
			showEnvVarsInLog = 0;
		};
		9EE5983AA9A375FE4683692B /* Copy Pods Resources */ = {
			isa = PBXShellScriptBuildPhase;
			buildActionMask = 2147483647;
			files = (
			);
			inputPaths = (
			);
			name = "Copy Pods Resources";
			outputPaths = (
			);
			runOnlyForDeploymentPostprocessing = 0;
			shellPath = /bin/sh;
			shellScript = "\"${SRCROOT}/Pods/Target Support Files/Pods-debugdrawer/Pods-debugdrawer-resources.sh\"\n";
			showEnvVarsInLog = 0;
		};
		A22E2654921DA1A53C99D089 /* Check Pods Manifest.lock */ = {
			isa = PBXShellScriptBuildPhase;
			buildActionMask = 2147483647;
			files = (
			);
			inputPaths = (
			);
			name = "Check Pods Manifest.lock";
			outputPaths = (
			);
			runOnlyForDeploymentPostprocessing = 0;
			shellPath = /bin/sh;
			shellScript = "diff \"${PODS_ROOT}/../Podfile.lock\" \"${PODS_ROOT}/Manifest.lock\" > /dev/null\nif [[ $? != 0 ]] ; then\n    cat << EOM\nerror: The sandbox is not in sync with the Podfile.lock. Run 'pod install' or update your CocoaPods installation.\nEOM\n    exit 1\nfi\n";
			showEnvVarsInLog = 0;
		};
		BD649D6A1A2028DB0030ECAF /* Copy git hash */ = {
			isa = PBXShellScriptBuildPhase;
			buildActionMask = 2147483647;
			files = (
			);
			inputPaths = (
			);
			name = "Copy git hash";
			outputPaths = (
			);
			runOnlyForDeploymentPostprocessing = 0;
			shellPath = /bin/sh;
			shellScript = "# Copyright (c) 2012 Albert Tong <ahtong@gmail.com>\n#\n# Permission is hereby granted, free of charge, to any person obtaining a copy\n# of this software and associated documentation files (the \"Software\"), to deal\n# in the Software without restriction, including without limitation the rights\n# to use, copy, modify, merge, publish, distribute, sublicense, and/or sell\n# copies of the Software, and to permit persons to whom the Software is furnished\n# to do so, subject to the following conditions:\n#\n# The above copyright notice and this permission notice shall be included in all\n# copies or substantial portions of the Software.\n#\n# THE SOFTWARE IS PROVIDED \"AS IS\", WITHOUT WARRANTY OF ANY KIND, EXPRESS OR\n# IMPLIED, INCLUDING BUT NOT LIMITED TO THE WARRANTIES OF MERCHANTABILITY,\n# FITNESS FOR A PARTICULAR PURPOSE AND NONINFRINGEMENT. IN NO EVENT SHALL THE\n# AUTHORS OR COPYRIGHT HOLDERS BE LIABLE FOR ANY CLAIM, DAMAGES OR OTHER\n# LIABILITY, WHETHER IN AN ACTION OF CONTRACT, TORT OR OTHERWISE, ARISING FROM,\n# OUT OF OR IN CONNECTION WITH THE SOFTWARE OR THE USE OR OTHER DEALINGS IN\n# THE SOFTWARE.\n#\n#\n# This script retrieves the first 7 characters of the commit SHA (hash).\n# Instructions:\n# Add this file to your project bundle or target.\n# Go to Project settings > target > Build Phases > Run Script.\n# Add Shell /bin/sh and a value with the bundle path to this script\n# Add \"GITHash\" as a key to your app's info plist to compile.\n# Reference the property list with the \"GITHash\" key to obtain the git hash value.\n\nINFOPLISTPATH=\"${TARGET_BUILD_DIR}/${EXECUTABLE_NAME}.app/Info.plist\"\n\n# Location of PlistBuddy\nPLISTBUDDY=\"/usr/libexec/PlistBuddy\"\n\n# Get the current git commmit hash (first 7 characters of the SHA)\nGITREVSHA=$(git --git-dir=\"${PROJECT_DIR}/.git\" --work-tree=\"${PROJECT_DIR}\" rev-parse --short HEAD)\n\necho \"GIT SHA = ${GITREVSHA}\"\necho \"INFOPLISTPATH = ${INFOPLISTPATH}\"\n\n# Set the Git hash in the info plist for reference\n$PLISTBUDDY -c \"Set :GITHash $GITREVSHA\" \"${INFOPLISTPATH}\"";
		};
		BD649D6B1A202D320030ECAF /* Get Date */ = {
			isa = PBXShellScriptBuildPhase;
			buildActionMask = 2147483647;
			files = (
			);
			inputPaths = (
			);
			name = "Get Date";
			outputPaths = (
			);
			runOnlyForDeploymentPostprocessing = 0;
			shellPath = /bin/sh;
			shellScript = "infoplist=\"$BUILT_PRODUCTS_DIR/$INFOPLIST_PATH\"\nbuilddate=`date`\n/usr/libexec/PlistBuddy -c \"Set :BuildDateKey $builddate\" ${infoplist}";
		};
		FDA443B2A7DE87856A81DFCA /* Copy Pods Resources */ = {
			isa = PBXShellScriptBuildPhase;
			buildActionMask = 2147483647;
			files = (
			);
			inputPaths = (
			);
			name = "Copy Pods Resources";
			outputPaths = (
			);
			runOnlyForDeploymentPostprocessing = 0;
			shellPath = /bin/sh;
			shellScript = "\"${SRCROOT}/Pods/Target Support Files/Pods-debugdrawerTests/Pods-debugdrawerTests-resources.sh\"\n";
			showEnvVarsInLog = 0;
		};
/* End PBXShellScriptBuildPhase section */

/* Begin PBXSourcesBuildPhase section */
		BD361B671A1F8C6D006AE819 /* Sources */ = {
			isa = PBXSourcesBuildPhase;
			buildActionMask = 2147483647;
			files = (
				BD649D691A2028210030ECAF /* BuildUtils.swift in Sources */,
				BCC48DE71A20254000C2AB4F /* PesticideCell.swift in Sources */,
				D624A2FA1A200C8B00B71EF5 /* RowControl.swift in Sources */,
				BDE813891A20990E00D02B8D /* TouchTrackerView.swift in Sources */,
				BCC48DEC1A202D9200C2AB4F /* ButtonCell.swift in Sources */,
				BC084C321A1F9DE400E68797 /* DebugView.swift in Sources */,
				BCC48DF41A202EB000C2AB4F /* SliderCell.swift in Sources */,
				D624A2EE1A1FC9EE00B71EF5 /* CocoaLumberjack.swift in Sources */,
				BC758B371A209B4E00BD0283 /* HeaderCell.swift in Sources */,
				BD649D641A201D660030ECAF /* Preferences.swift in Sources */,
				BD649D671A2025F00030ECAF /* Proxy.swift in Sources */,
				BCC48DF81A20301F00C2AB4F /* LabelCell.swift in Sources */,
				D624A2F81A1FF2CA00B71EF5 /* PesticideLogger.swift in Sources */,
				D624A2E81A1FB3AB00B71EF5 /* DebugTableController.swift in Sources */,
				BC084C341A1F9FA800E68797 /* SampleViewController.swift in Sources */,
				BCC48DF01A202E2100C2AB4F /* TextFieldCell.swift in Sources */,
				BDE8137E1A20855E00D02B8D /* CrosshairOverlay.swift in Sources */,
				BC084C361A1FCE7600E68797 /* Pesticide.swift in Sources */,
				BD649D6D1A202FA50030ECAF /* DeviceUtils.swift in Sources */,
				BD649DA41A205D7D0030ECAF /* UIView+Pesticide.swift in Sources */,
				BD3EBDA61A20AA3000FFF184 /* UIColor+Pesticide.swift in Sources */,
				BD361B711A1F8C6D006AE819 /* AppDelegate.swift in Sources */,
				BCC48DE51A2023E300C2AB4F /* SwitchCell.swift in Sources */,
				BD649DA11A205D4D0030ECAF /* ViewInspector.swift in Sources */,
				D624A2EB1A1FB3B600B71EF5 /* CommandCell.swift in Sources */,
			);
			runOnlyForDeploymentPostprocessing = 0;
		};
		BD361B7C1A1F8C6D006AE819 /* Sources */ = {
			isa = PBXSourcesBuildPhase;
			buildActionMask = 2147483647;
			files = (
				BD361B871A1F8C6D006AE819 /* debugdrawerTests.swift in Sources */,
			);
			runOnlyForDeploymentPostprocessing = 0;
		};
/* End PBXSourcesBuildPhase section */

/* Begin PBXTargetDependency section */
		BC758B2B1A20688800BD0283 /* PBXTargetDependency */ = {
			isa = PBXTargetDependency;
			name = Alamofire;
			targetProxy = BC758B2A1A20688800BD0283 /* PBXContainerItemProxy */;
		};
		BD361B821A1F8C6D006AE819 /* PBXTargetDependency */ = {
			isa = PBXTargetDependency;
			target = BD361B6A1A1F8C6D006AE819 /* pesticide */;
			targetProxy = BD361B811A1F8C6D006AE819 /* PBXContainerItemProxy */;
		};
		BDE813861A20928500D02B8D /* PBXTargetDependency */ = {
			isa = PBXTargetDependency;
			name = Alamofire;
			targetProxy = BDE813851A20928500D02B8D /* PBXContainerItemProxy */;
		};
/* End PBXTargetDependency section */

/* Begin PBXVariantGroup section */
		BD361B741A1F8C6D006AE819 /* Main.storyboard */ = {
			isa = PBXVariantGroup;
			children = (
				BD361B751A1F8C6D006AE819 /* Base */,
			);
			name = Main.storyboard;
			sourceTree = "<group>";
		};
		BD361B791A1F8C6D006AE819 /* LaunchScreen.xib */ = {
			isa = PBXVariantGroup;
			children = (
				BD361B7A1A1F8C6D006AE819 /* Base */,
			);
			name = LaunchScreen.xib;
			sourceTree = "<group>";
		};
/* End PBXVariantGroup section */

/* Begin XCBuildConfiguration section */
		BD361B881A1F8C6D006AE819 /* Debug */ = {
			isa = XCBuildConfiguration;
			buildSettings = {
				ALWAYS_SEARCH_USER_PATHS = NO;
				CLANG_CXX_LANGUAGE_STANDARD = "gnu++0x";
				CLANG_CXX_LIBRARY = "libc++";
				CLANG_ENABLE_MODULES = YES;
				CLANG_ENABLE_OBJC_ARC = YES;
				CLANG_WARN_BOOL_CONVERSION = YES;
				CLANG_WARN_CONSTANT_CONVERSION = YES;
				CLANG_WARN_DIRECT_OBJC_ISA_USAGE = YES_ERROR;
				CLANG_WARN_EMPTY_BODY = YES;
				CLANG_WARN_ENUM_CONVERSION = YES;
				CLANG_WARN_INT_CONVERSION = YES;
				CLANG_WARN_OBJC_ROOT_CLASS = YES_ERROR;
				CLANG_WARN_UNREACHABLE_CODE = YES;
				CLANG_WARN__DUPLICATE_METHOD_MATCH = YES;
				"CODE_SIGN_IDENTITY[sdk=iphoneos*]" = "iPhone Developer";
				COPY_PHASE_STRIP = NO;
				ENABLE_STRICT_OBJC_MSGSEND = YES;
				GCC_C_LANGUAGE_STANDARD = gnu99;
				GCC_DYNAMIC_NO_PIC = NO;
				GCC_OPTIMIZATION_LEVEL = 0;
				GCC_PREPROCESSOR_DEFINITIONS = (
					"DEBUG=1",
					"$(inherited)",
				);
				GCC_SYMBOLS_PRIVATE_EXTERN = NO;
				GCC_WARN_64_TO_32_BIT_CONVERSION = YES;
				GCC_WARN_ABOUT_RETURN_TYPE = YES_ERROR;
				GCC_WARN_UNDECLARED_SELECTOR = YES;
				GCC_WARN_UNINITIALIZED_AUTOS = YES_AGGRESSIVE;
				GCC_WARN_UNUSED_FUNCTION = YES;
				GCC_WARN_UNUSED_VARIABLE = YES;
				IPHONEOS_DEPLOYMENT_TARGET = 7.1;
				MTL_ENABLE_DEBUG_INFO = YES;
				ONLY_ACTIVE_ARCH = YES;
				"OTHER_SWIFT_FLAGS[arch=*]" = "-D DEBUG";
				SDKROOT = iphoneos;
				SWIFT_OBJC_BRIDGING_HEADER = "debugdrawer/Debugdrawer-Bridging-Header.h";
				SWIFT_OPTIMIZATION_LEVEL = "-Onone";
				TARGETED_DEVICE_FAMILY = "1,2";
			};
			name = Debug;
		};
		BD361B891A1F8C6D006AE819 /* Release */ = {
			isa = XCBuildConfiguration;
			buildSettings = {
				ALWAYS_SEARCH_USER_PATHS = NO;
				CLANG_CXX_LANGUAGE_STANDARD = "gnu++0x";
				CLANG_CXX_LIBRARY = "libc++";
				CLANG_ENABLE_MODULES = YES;
				CLANG_ENABLE_OBJC_ARC = YES;
				CLANG_WARN_BOOL_CONVERSION = YES;
				CLANG_WARN_CONSTANT_CONVERSION = YES;
				CLANG_WARN_DIRECT_OBJC_ISA_USAGE = YES_ERROR;
				CLANG_WARN_EMPTY_BODY = YES;
				CLANG_WARN_ENUM_CONVERSION = YES;
				CLANG_WARN_INT_CONVERSION = YES;
				CLANG_WARN_OBJC_ROOT_CLASS = YES_ERROR;
				CLANG_WARN_UNREACHABLE_CODE = YES;
				CLANG_WARN__DUPLICATE_METHOD_MATCH = YES;
				"CODE_SIGN_IDENTITY[sdk=iphoneos*]" = "iPhone Developer";
				COPY_PHASE_STRIP = YES;
				ENABLE_NS_ASSERTIONS = NO;
				ENABLE_STRICT_OBJC_MSGSEND = YES;
				GCC_C_LANGUAGE_STANDARD = gnu99;
				GCC_WARN_64_TO_32_BIT_CONVERSION = YES;
				GCC_WARN_ABOUT_RETURN_TYPE = YES_ERROR;
				GCC_WARN_UNDECLARED_SELECTOR = YES;
				GCC_WARN_UNINITIALIZED_AUTOS = YES_AGGRESSIVE;
				GCC_WARN_UNUSED_FUNCTION = YES;
				GCC_WARN_UNUSED_VARIABLE = YES;
				IPHONEOS_DEPLOYMENT_TARGET = 7.1;
				MTL_ENABLE_DEBUG_INFO = NO;
				SDKROOT = iphoneos;
				SWIFT_OBJC_BRIDGING_HEADER = "debugdrawer/Debugdrawer-Bridging-Header.h";
				TARGETED_DEVICE_FAMILY = "1,2";
				VALIDATE_PRODUCT = YES;
			};
			name = Release;
		};
		BD361B8B1A1F8C6D006AE819 /* Debug */ = {
			isa = XCBuildConfiguration;
			baseConfigurationReference = 8EE3F03714FA91F2E8A164CC /* Pods-debugdrawer.debug.xcconfig */;
			buildSettings = {
				ASSETCATALOG_COMPILER_APPICON_NAME = AppIcon;
				CLANG_ENABLE_MODULES = YES;
				EMBEDDED_CONTENT_CONTAINS_SWIFT = YES;
				INFOPLIST_FILE = debugdrawer/Info.plist;
				IPHONEOS_DEPLOYMENT_TARGET = 7.1;
				LD_RUNPATH_SEARCH_PATHS = "$(inherited) @executable_path/Frameworks";
				PRODUCT_NAME = pesticide;
				SWIFT_OPTIMIZATION_LEVEL = "-Onone";
			};
			name = Debug;
		};
		BD361B8C1A1F8C6D006AE819 /* Release */ = {
			isa = XCBuildConfiguration;
			baseConfigurationReference = E23FBB86D95DA65C266D290E /* Pods-debugdrawer.release.xcconfig */;
			buildSettings = {
				ASSETCATALOG_COMPILER_APPICON_NAME = AppIcon;
				CLANG_ENABLE_MODULES = YES;
				EMBEDDED_CONTENT_CONTAINS_SWIFT = YES;
				INFOPLIST_FILE = debugdrawer/Info.plist;
				IPHONEOS_DEPLOYMENT_TARGET = 7.1;
				LD_RUNPATH_SEARCH_PATHS = "$(inherited) @executable_path/Frameworks";
				PRODUCT_NAME = pesticide;
			};
			name = Release;
		};
		BD361B8E1A1F8C6D006AE819 /* Debug */ = {
			isa = XCBuildConfiguration;
			baseConfigurationReference = 738FEBE8D704B120B7DE7616 /* Pods-debugdrawerTests.debug.xcconfig */;
			buildSettings = {
				BUNDLE_LOADER = "$(TEST_HOST)";
				FRAMEWORK_SEARCH_PATHS = (
					"$(SDKROOT)/Developer/Library/Frameworks",
					"$(inherited)",
				);
				GCC_PREPROCESSOR_DEFINITIONS = (
					"DEBUG=1",
					"$(inherited)",
				);
				INFOPLIST_FILE = debugdrawerTests/Info.plist;
				LD_RUNPATH_SEARCH_PATHS = "$(inherited) @executable_path/Frameworks @loader_path/Frameworks";
				PRODUCT_NAME = pesticideTests;
				TEST_HOST = "$(BUILT_PRODUCTS_DIR)/debugdrawer.app/debugdrawer";
			};
			name = Debug;
		};
		BD361B8F1A1F8C6D006AE819 /* Release */ = {
			isa = XCBuildConfiguration;
			baseConfigurationReference = A8497FBABC9059FB399DB179 /* Pods-debugdrawerTests.release.xcconfig */;
			buildSettings = {
				BUNDLE_LOADER = "$(TEST_HOST)";
				FRAMEWORK_SEARCH_PATHS = (
					"$(SDKROOT)/Developer/Library/Frameworks",
					"$(inherited)",
				);
				INFOPLIST_FILE = debugdrawerTests/Info.plist;
				LD_RUNPATH_SEARCH_PATHS = "$(inherited) @executable_path/Frameworks @loader_path/Frameworks";
				PRODUCT_NAME = pesticideTests;
				TEST_HOST = "$(BUILT_PRODUCTS_DIR)/debugdrawer.app/debugdrawer";
			};
			name = Release;
		};
/* End XCBuildConfiguration section */

/* Begin XCConfigurationList section */
		BD361B661A1F8C6D006AE819 /* Build configuration list for PBXProject "pesticide" */ = {
			isa = XCConfigurationList;
			buildConfigurations = (
				BD361B881A1F8C6D006AE819 /* Debug */,
				BD361B891A1F8C6D006AE819 /* Release */,
			);
			defaultConfigurationIsVisible = 0;
			defaultConfigurationName = Release;
		};
		BD361B8A1A1F8C6D006AE819 /* Build configuration list for PBXNativeTarget "pesticide" */ = {
			isa = XCConfigurationList;
			buildConfigurations = (
				BD361B8B1A1F8C6D006AE819 /* Debug */,
				BD361B8C1A1F8C6D006AE819 /* Release */,
			);
			defaultConfigurationIsVisible = 0;
			defaultConfigurationName = Release;
		};
		BD361B8D1A1F8C6D006AE819 /* Build configuration list for PBXNativeTarget "pesticideTests" */ = {
			isa = XCConfigurationList;
			buildConfigurations = (
				BD361B8E1A1F8C6D006AE819 /* Debug */,
				BD361B8F1A1F8C6D006AE819 /* Release */,
			);
			defaultConfigurationIsVisible = 0;
			defaultConfigurationName = Release;
		};
/* End XCConfigurationList section */
	};
	rootObject = BD361B631A1F8C6D006AE819 /* Project object */;
}
